// !$*UTF8*$!
{
	archiveVersion = 1;
	classes = {
	};
	objectVersion = 48;
	objects = {

/* Begin PBXBuildFile section */
		210302E420E0D0090002D2F3 /* kmem.c in Sources */ = {isa = PBXBuildFile; fileRef = 210302E320E0D0090002D2F3 /* kmem.c */; };
		210302E720E0DB2B0002D2F3 /* vfs_sploit.c in Sources */ = {isa = PBXBuildFile; fileRef = 210302E620E0DB2B0002D2F3 /* vfs_sploit.c */; settings = {COMPILER_FLAGS = "-Wno-unused-variable"; }; };
		2124A2F620EF532200E30610 /* NSString+SHA256.m in Sources */ = {isa = PBXBuildFile; fileRef = 2124A2F520EF532200E30610 /* NSString+SHA256.m */; };
		2143C9DA20E7A50300AFB745 /* libMobileGestalt.tbd in Frameworks */ = {isa = PBXBuildFile; fileRef = 2143C9D920E7A50300AFB745 /* libMobileGestalt.tbd */; };
		21A2C41220DAAA14000BA2B2 /* unliberios.c in Sources */ = {isa = PBXBuildFile; fileRef = 21A2C41120DAAA14000BA2B2 /* unliberios.c */; };
		21A2C43B20DBC09E000BA2B2 /* liboffsetfinder64.a in Frameworks */ = {isa = PBXBuildFile; fileRef = 21A2C43620DBC09E000BA2B2 /* liboffsetfinder64.a */; };
		21A2C43C20DBC09E000BA2B2 /* libplist.a in Frameworks */ = {isa = PBXBuildFile; fileRef = 21A2C43720DBC09E000BA2B2 /* libplist.a */; };
		21A2C43D20DBC09E000BA2B2 /* libimg4tool.a in Frameworks */ = {isa = PBXBuildFile; fileRef = 21A2C43820DBC09E000BA2B2 /* libimg4tool.a */; };
		21A2C43E20DBC09E000BA2B2 /* libplist++.a in Frameworks */ = {isa = PBXBuildFile; fileRef = 21A2C43920DBC09E000BA2B2 /* libplist++.a */; };
		21A2C43F20DBC09E000BA2B2 /* libmerged.a in Frameworks */ = {isa = PBXBuildFile; fileRef = 21A2C43A20DBC09E000BA2B2 /* libmerged.a */; };
		21AF0C9A20E39E62008254EC /* Localizable.strings in Resources */ = {isa = PBXBuildFile; fileRef = 21AF0C9C20E39E62008254EC /* Localizable.strings */; };
		21BC7A0620E631D000B8F028 /* detectConflictJailbreak.m in Sources */ = {isa = PBXBuildFile; fileRef = 21BC7A0520E631D000B8F028 /* detectConflictJailbreak.m */; };
		21E077F820D5425000F86A55 /* nonce.c in Sources */ = {isa = PBXBuildFile; fileRef = 21E077F720D5424F00F86A55 /* nonce.c */; };
		21F33F6820E0052F0083D9C0 /* removePotentialJailbreak.c in Sources */ = {isa = PBXBuildFile; fileRef = 21F33F6720E0052F0083D9C0 /* removePotentialJailbreak.c */; };
		B00730BC20C723AE005995FA /* offsets.m in Sources */ = {isa = PBXBuildFile; fileRef = B00730BB20C723AE005995FA /* offsets.m */; };
		B030E1F620BC0864000CDD4C /* multi_path_sploit.c in Sources */ = {isa = PBXBuildFile; fileRef = B030E1F520BC0864000CDD4C /* multi_path_sploit.c */; settings = {COMPILER_FLAGS = "-Wno-unused-variable"; }; };
		B060B7DF20BC0624001FD0CE /* AppDelegate.m in Sources */ = {isa = PBXBuildFile; fileRef = B060B7DE20BC0624001FD0CE /* AppDelegate.m */; };
		B060B7E220BC0624001FD0CE /* ViewController.m in Sources */ = {isa = PBXBuildFile; fileRef = B060B7E120BC0624001FD0CE /* ViewController.m */; };
		B060B7E520BC0624001FD0CE /* Main.storyboard in Resources */ = {isa = PBXBuildFile; fileRef = B060B7E320BC0624001FD0CE /* Main.storyboard */; };
		B060B7E720BC0624001FD0CE /* Assets.xcassets in Resources */ = {isa = PBXBuildFile; fileRef = B060B7E620BC0624001FD0CE /* Assets.xcassets */; };
		B060B7EA20BC0624001FD0CE /* LaunchScreen.storyboard in Resources */ = {isa = PBXBuildFile; fileRef = B060B7E820BC0624001FD0CE /* LaunchScreen.storyboard */; };
		B060B7ED20BC0624001FD0CE /* main.m in Sources */ = {isa = PBXBuildFile; fileRef = B060B7EC20BC0624001FD0CE /* main.m */; };
		F12FD1F420C876A6006BA4FD /* kexecute.c in Sources */ = {isa = PBXBuildFile; fileRef = F12FD1F220C876A6006BA4FD /* kexecute.c */; };
		F134CC9620C89C7600DA1F72 /* amfi_utils.c in Sources */ = {isa = PBXBuildFile; fileRef = F134CC9520C89C7600DA1F72 /* amfi_utils.c */; };
		F134CC9920C89CA700DA1F72 /* utils.c in Sources */ = {isa = PBXBuildFile; fileRef = F134CC9720C89CA600DA1F72 /* utils.c */; };
		F134CC9C20C89D7A00DA1F72 /* apfs_util.c in Sources */ = {isa = PBXBuildFile; fileRef = F134CC9A20C89D7A00DA1F72 /* apfs_util.c */; };
		F13A09E020C85E9A00DC838E /* patchfinder64.c in Sources */ = {isa = PBXBuildFile; fileRef = F13A09DE20C85E9A00DC838E /* patchfinder64.c */; settings = {COMPILER_FLAGS = "-Wno-unused-function"; }; };
		F13A09E320C85EFA00DC838E /* electra.c in Sources */ = {isa = PBXBuildFile; fileRef = F13A09E120C85EFA00DC838E /* electra.c */; };
		F13A09E720C8603500DC838E /* kutils.c in Sources */ = {isa = PBXBuildFile; fileRef = F13A09E620C8603500DC838E /* kutils.c */; };
		F13A09EE20C8653E00DC838E /* exploit_additions.c in Sources */ = {isa = PBXBuildFile; fileRef = F13A09EC20C8653E00DC838E /* exploit_additions.c */; };
		F13A09F120C8665800DC838E /* offsetof.c in Sources */ = {isa = PBXBuildFile; fileRef = F13A09EF20C8665800DC838E /* offsetof.c */; };
		F143E0F620C9DF250018A47B /* rootfs_remount.c in Sources */ = {isa = PBXBuildFile; fileRef = F143E0F420C9DF250018A47B /* rootfs_remount.c */; };
		F143E0F920C9EBFF0018A47B /* rootfs_remount_offsetfinder.cpp in Sources */ = {isa = PBXBuildFile; fileRef = F143E0F820C9EBFF0018A47B /* rootfs_remount_offsetfinder.cpp */; };
		F143E10020C9ED670018A47B /* libcompression.tbd in Frameworks */ = {isa = PBXBuildFile; fileRef = F143E0FF20C9ED670018A47B /* libcompression.tbd */; };
		F1524FCF20CE60A7001F9E25 /* jailbreakd.plist in Resources */ = {isa = PBXBuildFile; fileRef = F1524FCE20CE60A7001F9E25 /* jailbreakd.plist */; };
		F161FD0E20CDB12D009D4652 /* bootstrap.c in Sources */ = {isa = PBXBuildFile; fileRef = F161FD0D20CDB12D009D4652 /* bootstrap.c */; };
		F161FD1020CDB22D009D4652 /* start_jailbreakd.m in Sources */ = {isa = PBXBuildFile; fileRef = F161FD0F20CDB22D009D4652 /* start_jailbreakd.m */; };
		F167E3C320C927C1006B956D /* file_utils.c in Sources */ = {isa = PBXBuildFile; fileRef = F167E3C220C927C0006B956D /* file_utils.c */; };
		F167E3C620C927DE006B956D /* electra_objc.m in Sources */ = {isa = PBXBuildFile; fileRef = F167E3C420C927DE006B956D /* electra_objc.m */; };
		F167E3C920C9281A006B956D /* NSData+GZip.m in Sources */ = {isa = PBXBuildFile; fileRef = F167E3C820C9281A006B956D /* NSData+GZip.m */; };
		F167E3CC20C929F3006B956D /* unlocknvram.c in Sources */ = {isa = PBXBuildFile; fileRef = F167E3CA20C929F2006B956D /* unlocknvram.c */; };
		F16A211321D3397A00567AE1 /* dpkg_1.19.2-4_iphoneos-arm.deb in Resources */ = {isa = PBXBuildFile; fileRef = F16A210D21D31C0000567AE1 /* dpkg_1.19.2-4_iphoneos-arm.deb */; };
		F16A211421D3397A00567AE1 /* apt7_1.7.0_iphoneos-arm.deb in Resources */ = {isa = PBXBuildFile; fileRef = F16A210721D31BF400567AE1 /* apt7_1.7.0_iphoneos-arm.deb */; };
		F16A211521D3397A00567AE1 /* apt7-key_1.7.0_iphoneos-arm.deb in Resources */ = {isa = PBXBuildFile; fileRef = F16A210821D31BF500567AE1 /* apt7-key_1.7.0_iphoneos-arm.deb */; };
		F16A211621D3397A00567AE1 /* apt7-lib_1.7.0-sileo_iphoneos-arm.deb in Resources */ = {isa = PBXBuildFile; fileRef = F16A210921D31BF500567AE1 /* apt7-lib_1.7.0-sileo_iphoneos-arm.deb */; };
		F16A211721D3397A00567AE1 /* cydia_1.9.1_iphoneos-arm.deb in Resources */ = {isa = PBXBuildFile; fileRef = F16A210F21D31C0700567AE1 /* cydia_1.9.1_iphoneos-arm.deb */; };
		F16A211821D3397A00567AE1 /* cydia-gui_1.1.30-4_iphoneos-arm.deb in Resources */ = {isa = PBXBuildFile; fileRef = F16A211121D31C0E00567AE1 /* cydia-gui_1.1.30-4_iphoneos-arm.deb */; };
		F19119E620D9FE0F00CA1BB5 /* CSGradientView.m in Sources */ = {isa = PBXBuildFile; fileRef = F19119E420D9FE0F00CA1BB5 /* CSGradientView.m */; };
		F191229F20F137C20025A1BD /* AppIcon1024x1024.png in Resources */ = {isa = PBXBuildFile; fileRef = F191228A20F137C20025A1BD /* AppIcon1024x1024.png */; };
		F19122A020F137C20025A1BD /* AppIcon20x20.png in Resources */ = {isa = PBXBuildFile; fileRef = F191228B20F137C20025A1BD /* AppIcon20x20.png */; };
		F19122A120F137C20025A1BD /* AppIcon20x20@2x.png in Resources */ = {isa = PBXBuildFile; fileRef = F191228C20F137C20025A1BD /* AppIcon20x20@2x.png */; };
		F19122A220F137C20025A1BD /* AppIcon20x20@3x.png in Resources */ = {isa = PBXBuildFile; fileRef = F191228D20F137C20025A1BD /* AppIcon20x20@3x.png */; };
		F19122A320F137C20025A1BD /* AppIcon29x29.png in Resources */ = {isa = PBXBuildFile; fileRef = F191228E20F137C20025A1BD /* AppIcon29x29.png */; };
		F19122A420F137C20025A1BD /* AppIcon29x29@2x.png in Resources */ = {isa = PBXBuildFile; fileRef = F191228F20F137C20025A1BD /* AppIcon29x29@2x.png */; };
		F19122A520F137C20025A1BD /* AppIcon29x29@3x.png in Resources */ = {isa = PBXBuildFile; fileRef = F191229020F137C20025A1BD /* AppIcon29x29@3x.png */; };
		F19122A620F137C20025A1BD /* AppIcon40x40.png in Resources */ = {isa = PBXBuildFile; fileRef = F191229120F137C20025A1BD /* AppIcon40x40.png */; };
		F19122A720F137C20025A1BD /* AppIcon40x40@2x.png in Resources */ = {isa = PBXBuildFile; fileRef = F191229220F137C20025A1BD /* AppIcon40x40@2x.png */; };
		F19122A820F137C20025A1BD /* AppIcon40x40@3x.png in Resources */ = {isa = PBXBuildFile; fileRef = F191229320F137C20025A1BD /* AppIcon40x40@3x.png */; };
		F19122A920F137C20025A1BD /* AppIcon50x50.png in Resources */ = {isa = PBXBuildFile; fileRef = F191229420F137C20025A1BD /* AppIcon50x50.png */; };
		F19122AA20F137C20025A1BD /* AppIcon50x50@2x.png in Resources */ = {isa = PBXBuildFile; fileRef = F191229520F137C20025A1BD /* AppIcon50x50@2x.png */; };
		F19122AB20F137C20025A1BD /* AppIcon57x57.png in Resources */ = {isa = PBXBuildFile; fileRef = F191229620F137C20025A1BD /* AppIcon57x57.png */; };
		F19122AC20F137C20025A1BD /* AppIcon57x57@2x.png in Resources */ = {isa = PBXBuildFile; fileRef = F191229720F137C20025A1BD /* AppIcon57x57@2x.png */; };
		F19122AD20F137C20025A1BD /* AppIcon60x60@2x.png in Resources */ = {isa = PBXBuildFile; fileRef = F191229820F137C20025A1BD /* AppIcon60x60@2x.png */; };
		F19122AE20F137C20025A1BD /* AppIcon60x60@3x.png in Resources */ = {isa = PBXBuildFile; fileRef = F191229920F137C20025A1BD /* AppIcon60x60@3x.png */; };
		F19122AF20F137C20025A1BD /* AppIcon72x72.png in Resources */ = {isa = PBXBuildFile; fileRef = F191229A20F137C20025A1BD /* AppIcon72x72.png */; };
		F19122B020F137C20025A1BD /* AppIcon72x72@2x.png in Resources */ = {isa = PBXBuildFile; fileRef = F191229B20F137C20025A1BD /* AppIcon72x72@2x.png */; };
		F19122B120F137C20025A1BD /* AppIcon76x76.png in Resources */ = {isa = PBXBuildFile; fileRef = F191229C20F137C20025A1BD /* AppIcon76x76.png */; };
		F19122B220F137C20025A1BD /* AppIcon76x76@2x.png in Resources */ = {isa = PBXBuildFile; fileRef = F191229D20F137C20025A1BD /* AppIcon76x76@2x.png */; };
		F19122B320F137C20025A1BD /* AppIcon83.5x83.5@2x.png in Resources */ = {isa = PBXBuildFile; fileRef = F191229E20F137C20025A1BD /* AppIcon83.5x83.5@2x.png */; };
		F1BE57C520CDB09E0087F82D /* rm.gz in Resources */ = {isa = PBXBuildFile; fileRef = F1BE57C120CDB09E0087F82D /* rm.gz */; };
		F1BE57C620CDB09E0087F82D /* tar.gz in Resources */ = {isa = PBXBuildFile; fileRef = F1BE57C220CDB09E0087F82D /* tar.gz */; };
		F1BE57C720CDB09E0087F82D /* launchctl.gz in Resources */ = {isa = PBXBuildFile; fileRef = F1BE57C320CDB09E0087F82D /* launchctl.gz */; };
		F1BE57C820CDB09E0087F82D /* bootstrap.tar.gz in Resources */ = {isa = PBXBuildFile; fileRef = F1BE57C420CDB09E0087F82D /* bootstrap.tar.gz */; };
		F1E5C2C820C879A600438426 /* remap_tfp_set_hsp.c in Sources */ = {isa = PBXBuildFile; fileRef = F1E5C2C720C879A600438426 /* remap_tfp_set_hsp.c */; };
/* End PBXBuildFile section */

/* Begin PBXFileReference section */
		210302E320E0D0090002D2F3 /* kmem.c */ = {isa = PBXFileReference; fileEncoding = 4; lastKnownFileType = sourcecode.c.c; path = kmem.c; sourceTree = "<group>"; };
		210302E520E0DB2A0002D2F3 /* vfs_sploit.h */ = {isa = PBXFileReference; fileEncoding = 4; lastKnownFileType = sourcecode.c.h; path = vfs_sploit.h; sourceTree = "<group>"; };
		210302E620E0DB2B0002D2F3 /* vfs_sploit.c */ = {isa = PBXFileReference; fileEncoding = 4; lastKnownFileType = sourcecode.c.c; path = vfs_sploit.c; sourceTree = "<group>"; };
		2119DFB720F0102600E08817 /* electra1131.entitlements */ = {isa = PBXFileReference; fileEncoding = 4; lastKnownFileType = text.plist.entitlements; path = electra1131.entitlements; sourceTree = "<group>"; };
		2124A2F120EEB13E00E30610 /* reboot.h */ = {isa = PBXFileReference; fileEncoding = 4; lastKnownFileType = sourcecode.c.h; path = reboot.h; sourceTree = "<group>"; };
		2124A2F420EF52D300E30610 /* NSString+SHA256.h */ = {isa = PBXFileReference; lastKnownFileType = sourcecode.c.h; path = "NSString+SHA256.h"; sourceTree = "<group>"; };
		2124A2F520EF532200E30610 /* NSString+SHA256.m */ = {isa = PBXFileReference; lastKnownFileType = sourcecode.c.objc; path = "NSString+SHA256.m"; sourceTree = "<group>"; };
		2143C9D920E7A50300AFB745 /* libMobileGestalt.tbd */ = {isa = PBXFileReference; lastKnownFileType = "sourcecode.text-based-dylib-definition"; name = libMobileGestalt.tbd; path = usr/lib/libMobileGestalt.tbd; sourceTree = SDKROOT; };
		2143C9DB20E7A51900AFB745 /* MobileGestalt.h */ = {isa = PBXFileReference; fileEncoding = 4; lastKnownFileType = sourcecode.c.h; path = MobileGestalt.h; sourceTree = "<group>"; };
		21463F4820EBE7F6006F4E06 /* debug.h */ = {isa = PBXFileReference; lastKnownFileType = sourcecode.c.h; path = debug.h; sourceTree = "<group>"; };
		21A2C41020DAAA13000BA2B2 /* unliberios.h */ = {isa = PBXFileReference; fileEncoding = 4; lastKnownFileType = sourcecode.c.h; path = unliberios.h; sourceTree = "<group>"; };
		21A2C41120DAAA14000BA2B2 /* unliberios.c */ = {isa = PBXFileReference; fileEncoding = 4; lastKnownFileType = sourcecode.c.c; path = unliberios.c; sourceTree = "<group>"; };
		21A2C43620DBC09E000BA2B2 /* liboffsetfinder64.a */ = {isa = PBXFileReference; lastKnownFileType = archive.ar; path = liboffsetfinder64.a; sourceTree = "<group>"; };
		21A2C43720DBC09E000BA2B2 /* libplist.a */ = {isa = PBXFileReference; lastKnownFileType = archive.ar; path = libplist.a; sourceTree = "<group>"; };
		21A2C43820DBC09E000BA2B2 /* libimg4tool.a */ = {isa = PBXFileReference; lastKnownFileType = archive.ar; path = libimg4tool.a; sourceTree = "<group>"; };
		21A2C43920DBC09E000BA2B2 /* libplist++.a */ = {isa = PBXFileReference; lastKnownFileType = archive.ar; path = "libplist++.a"; sourceTree = "<group>"; };
		21A2C43A20DBC09E000BA2B2 /* libmerged.a */ = {isa = PBXFileReference; lastKnownFileType = archive.ar; path = libmerged.a; sourceTree = "<group>"; };
		21AF0C9B20E39E62008254EC /* en */ = {isa = PBXFileReference; lastKnownFileType = text.plist.strings; name = en; path = en.lproj/Localizable.strings; sourceTree = "<group>"; };
		21AF0CAC20E3C6FA008254EC /* Social.framework */ = {isa = PBXFileReference; lastKnownFileType = wrapper.framework; name = Social.framework; path = System/Library/Frameworks/Social.framework; sourceTree = SDKROOT; };
		21BC7A0420E631D000B8F028 /* detectConflictJailbreak.h */ = {isa = PBXFileReference; lastKnownFileType = sourcecode.c.h; path = detectConflictJailbreak.h; sourceTree = "<group>"; };
		21BC7A0520E631D000B8F028 /* detectConflictJailbreak.m */ = {isa = PBXFileReference; lastKnownFileType = sourcecode.c.objc; path = detectConflictJailbreak.m; sourceTree = "<group>"; };
		21E077F620D5424F00F86A55 /* nonce.h */ = {isa = PBXFileReference; fileEncoding = 4; lastKnownFileType = sourcecode.c.h; path = nonce.h; sourceTree = "<group>"; };
		21E077F720D5424F00F86A55 /* nonce.c */ = {isa = PBXFileReference; fileEncoding = 4; lastKnownFileType = sourcecode.c.c; path = nonce.c; sourceTree = "<group>"; };
		21F33F6620E0052F0083D9C0 /* removePotentialJailbreak.h */ = {isa = PBXFileReference; lastKnownFileType = sourcecode.c.h; path = removePotentialJailbreak.h; sourceTree = "<group>"; };
		21F33F6720E0052F0083D9C0 /* removePotentialJailbreak.c */ = {isa = PBXFileReference; lastKnownFileType = sourcecode.c.c; path = removePotentialJailbreak.c; sourceTree = "<group>"; };
		B00730BB20C723AE005995FA /* offsets.m */ = {isa = PBXFileReference; lastKnownFileType = sourcecode.c.objc; path = offsets.m; sourceTree = "<group>"; };
		B00730BD20C7273C005995FA /* offsets.h */ = {isa = PBXFileReference; lastKnownFileType = sourcecode.c.h; path = offsets.h; sourceTree = "<group>"; };
		B00730BE20C72BCB005995FA /* kmem.h */ = {isa = PBXFileReference; lastKnownFileType = sourcecode.c.h; path = kmem.h; sourceTree = "<group>"; };
		B030E1F420BC0864000CDD4C /* multi_path_sploit.h */ = {isa = PBXFileReference; lastKnownFileType = sourcecode.c.h; path = multi_path_sploit.h; sourceTree = "<group>"; };
		B030E1F520BC0864000CDD4C /* multi_path_sploit.c */ = {isa = PBXFileReference; lastKnownFileType = sourcecode.c.c; path = multi_path_sploit.c; sourceTree = "<group>"; };
		B060B7DA20BC0624001FD0CE /* electra1131.app */ = {isa = PBXFileReference; explicitFileType = wrapper.application; includeInIndex = 0; path = electra1131.app; sourceTree = BUILT_PRODUCTS_DIR; };
		B060B7DD20BC0624001FD0CE /* AppDelegate.h */ = {isa = PBXFileReference; lastKnownFileType = sourcecode.c.h; path = AppDelegate.h; sourceTree = "<group>"; };
		B060B7DE20BC0624001FD0CE /* AppDelegate.m */ = {isa = PBXFileReference; lastKnownFileType = sourcecode.c.objc; path = AppDelegate.m; sourceTree = "<group>"; };
		B060B7E020BC0624001FD0CE /* ViewController.h */ = {isa = PBXFileReference; lastKnownFileType = sourcecode.c.h; path = ViewController.h; sourceTree = "<group>"; };
		B060B7E120BC0624001FD0CE /* ViewController.m */ = {isa = PBXFileReference; lastKnownFileType = sourcecode.c.objc; path = ViewController.m; sourceTree = "<group>"; };
		B060B7E420BC0624001FD0CE /* Base */ = {isa = PBXFileReference; lastKnownFileType = file.storyboard; name = Base; path = Base.lproj/Main.storyboard; sourceTree = "<group>"; };
		B060B7E620BC0624001FD0CE /* Assets.xcassets */ = {isa = PBXFileReference; lastKnownFileType = folder.assetcatalog; path = Assets.xcassets; sourceTree = "<group>"; };
		B060B7E920BC0624001FD0CE /* Base */ = {isa = PBXFileReference; lastKnownFileType = file.storyboard; name = Base; path = Base.lproj/LaunchScreen.storyboard; sourceTree = "<group>"; };
		B060B7EB20BC0624001FD0CE /* Info.plist */ = {isa = PBXFileReference; lastKnownFileType = text.plist.xml; path = Info.plist; sourceTree = "<group>"; };
		B060B7EC20BC0624001FD0CE /* main.m */ = {isa = PBXFileReference; lastKnownFileType = sourcecode.c.objc; path = main.m; sourceTree = "<group>"; };
		F116EA2820C9CA5F000A24F6 /* liboffsetfinder64.hpp */ = {isa = PBXFileReference; lastKnownFileType = sourcecode.cpp.h; path = liboffsetfinder64.hpp; sourceTree = "<group>"; };
		F12FD1F220C876A6006BA4FD /* kexecute.c */ = {isa = PBXFileReference; fileEncoding = 4; lastKnownFileType = sourcecode.c.c; path = kexecute.c; sourceTree = "<group>"; };
		F12FD1F320C876A6006BA4FD /* kexecute.h */ = {isa = PBXFileReference; fileEncoding = 4; lastKnownFileType = sourcecode.c.h; path = kexecute.h; sourceTree = "<group>"; };
		F134CC9420C89C7600DA1F72 /* amfi_utils.h */ = {isa = PBXFileReference; fileEncoding = 4; lastKnownFileType = sourcecode.c.h; path = amfi_utils.h; sourceTree = "<group>"; };
		F134CC9520C89C7600DA1F72 /* amfi_utils.c */ = {isa = PBXFileReference; fileEncoding = 4; lastKnownFileType = sourcecode.c.c; path = amfi_utils.c; sourceTree = "<group>"; };
		F134CC9720C89CA600DA1F72 /* utils.c */ = {isa = PBXFileReference; fileEncoding = 4; lastKnownFileType = sourcecode.c.c; path = utils.c; sourceTree = "<group>"; };
		F134CC9820C89CA600DA1F72 /* utils.h */ = {isa = PBXFileReference; fileEncoding = 4; lastKnownFileType = sourcecode.c.h; path = utils.h; sourceTree = "<group>"; };
		F134CC9A20C89D7A00DA1F72 /* apfs_util.c */ = {isa = PBXFileReference; fileEncoding = 4; lastKnownFileType = sourcecode.c.c; path = apfs_util.c; sourceTree = "<group>"; };
		F134CC9B20C89D7A00DA1F72 /* apfs_util.h */ = {isa = PBXFileReference; fileEncoding = 4; lastKnownFileType = sourcecode.c.h; path = apfs_util.h; sourceTree = "<group>"; };
		F13A09DE20C85E9A00DC838E /* patchfinder64.c */ = {isa = PBXFileReference; fileEncoding = 4; lastKnownFileType = sourcecode.c.c; path = patchfinder64.c; sourceTree = "<group>"; };
		F13A09DF20C85E9A00DC838E /* patchfinder64.h */ = {isa = PBXFileReference; fileEncoding = 4; lastKnownFileType = sourcecode.c.h; path = patchfinder64.h; sourceTree = "<group>"; };
		F13A09E120C85EFA00DC838E /* electra.c */ = {isa = PBXFileReference; lastKnownFileType = sourcecode.c.c; path = electra.c; sourceTree = "<group>"; };
		F13A09E220C85EFA00DC838E /* electra.h */ = {isa = PBXFileReference; lastKnownFileType = sourcecode.c.h; path = electra.h; sourceTree = "<group>"; };
		F13A09E520C8603500DC838E /* kutils.h */ = {isa = PBXFileReference; fileEncoding = 4; lastKnownFileType = sourcecode.c.h; path = kutils.h; sourceTree = "<group>"; };
		F13A09E620C8603500DC838E /* kutils.c */ = {isa = PBXFileReference; fileEncoding = 4; lastKnownFileType = sourcecode.c.c; path = kutils.c; sourceTree = "<group>"; };
		F13A09E920C860A800DC838E /* codesign.h */ = {isa = PBXFileReference; lastKnownFileType = sourcecode.c.h; path = codesign.h; sourceTree = "<group>"; };
		F13A09EB20C860A800DC838E /* IOKit.h */ = {isa = PBXFileReference; lastKnownFileType = sourcecode.c.h; path = IOKit.h; sourceTree = "<group>"; };
		F13A09EC20C8653E00DC838E /* exploit_additions.c */ = {isa = PBXFileReference; lastKnownFileType = sourcecode.c.c; path = exploit_additions.c; sourceTree = "<group>"; };
		F13A09ED20C8653E00DC838E /* exploit_additions.h */ = {isa = PBXFileReference; lastKnownFileType = sourcecode.c.h; path = exploit_additions.h; sourceTree = "<group>"; };
		F13A09EF20C8665800DC838E /* offsetof.c */ = {isa = PBXFileReference; fileEncoding = 4; lastKnownFileType = sourcecode.c.c; path = offsetof.c; sourceTree = "<group>"; };
		F13A09F020C8665800DC838E /* offsetof.h */ = {isa = PBXFileReference; fileEncoding = 4; lastKnownFileType = sourcecode.c.h; path = offsetof.h; sourceTree = "<group>"; };
		F143E0F420C9DF250018A47B /* rootfs_remount.c */ = {isa = PBXFileReference; lastKnownFileType = sourcecode.c.c; path = rootfs_remount.c; sourceTree = "<group>"; };
		F143E0F520C9DF250018A47B /* rootfs_remount.h */ = {isa = PBXFileReference; lastKnownFileType = sourcecode.c.h; path = rootfs_remount.h; sourceTree = "<group>"; };
		F143E0F820C9EBFF0018A47B /* rootfs_remount_offsetfinder.cpp */ = {isa = PBXFileReference; lastKnownFileType = sourcecode.cpp.cpp; path = rootfs_remount_offsetfinder.cpp; sourceTree = "<group>"; };
		F143E0FD20C9ED310018A47B /* libz.tbd */ = {isa = PBXFileReference; lastKnownFileType = "sourcecode.text-based-dylib-definition"; name = libz.tbd; path = usr/lib/libz.tbd; sourceTree = SDKROOT; };
		F143E0FF20C9ED670018A47B /* libcompression.tbd */ = {isa = PBXFileReference; lastKnownFileType = "sourcecode.text-based-dylib-definition"; name = libcompression.tbd; path = usr/lib/libcompression.tbd; sourceTree = SDKROOT; };
		F1524FCE20CE60A7001F9E25 /* jailbreakd.plist */ = {isa = PBXFileReference; fileEncoding = 4; lastKnownFileType = text.plist.xml; path = jailbreakd.plist; sourceTree = "<group>"; };
		F161FD0C20CDB12D009D4652 /* bootstrap.h */ = {isa = PBXFileReference; fileEncoding = 4; lastKnownFileType = sourcecode.c.h; path = bootstrap.h; sourceTree = "<group>"; };
		F161FD0D20CDB12D009D4652 /* bootstrap.c */ = {isa = PBXFileReference; fileEncoding = 4; lastKnownFileType = sourcecode.c.c; path = bootstrap.c; sourceTree = "<group>"; };
		F161FD0F20CDB22D009D4652 /* start_jailbreakd.m */ = {isa = PBXFileReference; fileEncoding = 4; lastKnownFileType = sourcecode.c.objc; path = start_jailbreakd.m; sourceTree = "<group>"; };
		F167E3C120C927C0006B956D /* file_utils.h */ = {isa = PBXFileReference; fileEncoding = 4; lastKnownFileType = sourcecode.c.h; path = file_utils.h; sourceTree = "<group>"; };
		F167E3C220C927C0006B956D /* file_utils.c */ = {isa = PBXFileReference; fileEncoding = 4; lastKnownFileType = sourcecode.c.c; path = file_utils.c; sourceTree = "<group>"; };
		F167E3C420C927DE006B956D /* electra_objc.m */ = {isa = PBXFileReference; fileEncoding = 4; lastKnownFileType = sourcecode.c.objc; path = electra_objc.m; sourceTree = "<group>"; };
		F167E3C520C927DE006B956D /* electra_objc.h */ = {isa = PBXFileReference; fileEncoding = 4; lastKnownFileType = sourcecode.c.h; path = electra_objc.h; sourceTree = "<group>"; };
		F167E3C720C9281A006B956D /* NSData+GZip.h */ = {isa = PBXFileReference; fileEncoding = 4; lastKnownFileType = sourcecode.c.h; path = "NSData+GZip.h"; sourceTree = "<group>"; };
		F167E3C820C9281A006B956D /* NSData+GZip.m */ = {isa = PBXFileReference; fileEncoding = 4; lastKnownFileType = sourcecode.c.objc; path = "NSData+GZip.m"; sourceTree = "<group>"; };
		F167E3CA20C929F2006B956D /* unlocknvram.c */ = {isa = PBXFileReference; fileEncoding = 4; lastKnownFileType = sourcecode.c.c; path = unlocknvram.c; sourceTree = "<group>"; };
		F167E3CB20C929F2006B956D /* unlocknvram.h */ = {isa = PBXFileReference; fileEncoding = 4; lastKnownFileType = sourcecode.c.h; path = unlocknvram.h; sourceTree = "<group>"; };
		F16A210721D31BF400567AE1 /* apt7_1.7.0_iphoneos-arm.deb */ = {isa = PBXFileReference; lastKnownFileType = archive.ar; path = "apt7_1.7.0_iphoneos-arm.deb"; sourceTree = "<group>"; };
		F16A210821D31BF500567AE1 /* apt7-key_1.7.0_iphoneos-arm.deb */ = {isa = PBXFileReference; lastKnownFileType = archive.ar; path = "apt7-key_1.7.0_iphoneos-arm.deb"; sourceTree = "<group>"; };
		F16A210921D31BF500567AE1 /* apt7-lib_1.7.0-sileo_iphoneos-arm.deb */ = {isa = PBXFileReference; lastKnownFileType = archive.ar; path = "apt7-lib_1.7.0-sileo_iphoneos-arm.deb"; sourceTree = "<group>"; };
		F16A210D21D31C0000567AE1 /* dpkg_1.19.2-4_iphoneos-arm.deb */ = {isa = PBXFileReference; lastKnownFileType = archive.ar; path = "dpkg_1.19.2-4_iphoneos-arm.deb"; sourceTree = "<group>"; };
		F16A210F21D31C0700567AE1 /* cydia_1.9.1_iphoneos-arm.deb */ = {isa = PBXFileReference; lastKnownFileType = archive.ar; path = "cydia_1.9.1_iphoneos-arm.deb"; sourceTree = "<group>"; };
		F16A211121D31C0E00567AE1 /* cydia-gui_1.1.30-4_iphoneos-arm.deb */ = {isa = PBXFileReference; lastKnownFileType = archive.ar; path = "cydia-gui_1.1.30-4_iphoneos-arm.deb"; sourceTree = "<group>"; };
		F19119E420D9FE0F00CA1BB5 /* CSGradientView.m */ = {isa = PBXFileReference; fileEncoding = 4; lastKnownFileType = sourcecode.c.objc; path = CSGradientView.m; sourceTree = "<group>"; };
		F19119E520D9FE0F00CA1BB5 /* CSGradientView.h */ = {isa = PBXFileReference; fileEncoding = 4; lastKnownFileType = sourcecode.c.h; path = CSGradientView.h; sourceTree = "<group>"; };
		F191228A20F137C20025A1BD /* AppIcon1024x1024.png */ = {isa = PBXFileReference; lastKnownFileType = image.png; path = AppIcon1024x1024.png; sourceTree = "<group>"; };
		F191228B20F137C20025A1BD /* AppIcon20x20.png */ = {isa = PBXFileReference; lastKnownFileType = image.png; path = AppIcon20x20.png; sourceTree = "<group>"; };
		F191228C20F137C20025A1BD /* AppIcon20x20@2x.png */ = {isa = PBXFileReference; lastKnownFileType = image.png; path = "AppIcon20x20@2x.png"; sourceTree = "<group>"; };
		F191228D20F137C20025A1BD /* AppIcon20x20@3x.png */ = {isa = PBXFileReference; lastKnownFileType = image.png; path = "AppIcon20x20@3x.png"; sourceTree = "<group>"; };
		F191228E20F137C20025A1BD /* AppIcon29x29.png */ = {isa = PBXFileReference; lastKnownFileType = image.png; path = AppIcon29x29.png; sourceTree = "<group>"; };
		F191228F20F137C20025A1BD /* AppIcon29x29@2x.png */ = {isa = PBXFileReference; lastKnownFileType = image.png; path = "AppIcon29x29@2x.png"; sourceTree = "<group>"; };
		F191229020F137C20025A1BD /* AppIcon29x29@3x.png */ = {isa = PBXFileReference; lastKnownFileType = image.png; path = "AppIcon29x29@3x.png"; sourceTree = "<group>"; };
		F191229120F137C20025A1BD /* AppIcon40x40.png */ = {isa = PBXFileReference; lastKnownFileType = image.png; path = AppIcon40x40.png; sourceTree = "<group>"; };
		F191229220F137C20025A1BD /* AppIcon40x40@2x.png */ = {isa = PBXFileReference; lastKnownFileType = image.png; path = "AppIcon40x40@2x.png"; sourceTree = "<group>"; };
		F191229320F137C20025A1BD /* AppIcon40x40@3x.png */ = {isa = PBXFileReference; lastKnownFileType = image.png; path = "AppIcon40x40@3x.png"; sourceTree = "<group>"; };
		F191229420F137C20025A1BD /* AppIcon50x50.png */ = {isa = PBXFileReference; lastKnownFileType = image.png; path = AppIcon50x50.png; sourceTree = "<group>"; };
		F191229520F137C20025A1BD /* AppIcon50x50@2x.png */ = {isa = PBXFileReference; lastKnownFileType = image.png; path = "AppIcon50x50@2x.png"; sourceTree = "<group>"; };
		F191229620F137C20025A1BD /* AppIcon57x57.png */ = {isa = PBXFileReference; lastKnownFileType = image.png; path = AppIcon57x57.png; sourceTree = "<group>"; };
		F191229720F137C20025A1BD /* AppIcon57x57@2x.png */ = {isa = PBXFileReference; lastKnownFileType = image.png; path = "AppIcon57x57@2x.png"; sourceTree = "<group>"; };
		F191229820F137C20025A1BD /* AppIcon60x60@2x.png */ = {isa = PBXFileReference; lastKnownFileType = image.png; path = "AppIcon60x60@2x.png"; sourceTree = "<group>"; };
		F191229920F137C20025A1BD /* AppIcon60x60@3x.png */ = {isa = PBXFileReference; lastKnownFileType = image.png; path = "AppIcon60x60@3x.png"; sourceTree = "<group>"; };
		F191229A20F137C20025A1BD /* AppIcon72x72.png */ = {isa = PBXFileReference; lastKnownFileType = image.png; path = AppIcon72x72.png; sourceTree = "<group>"; };
		F191229B20F137C20025A1BD /* AppIcon72x72@2x.png */ = {isa = PBXFileReference; lastKnownFileType = image.png; path = "AppIcon72x72@2x.png"; sourceTree = "<group>"; };
		F191229C20F137C20025A1BD /* AppIcon76x76.png */ = {isa = PBXFileReference; lastKnownFileType = image.png; path = AppIcon76x76.png; sourceTree = "<group>"; };
		F191229D20F137C20025A1BD /* AppIcon76x76@2x.png */ = {isa = PBXFileReference; lastKnownFileType = image.png; path = "AppIcon76x76@2x.png"; sourceTree = "<group>"; };
		F191229E20F137C20025A1BD /* AppIcon83.5x83.5@2x.png */ = {isa = PBXFileReference; lastKnownFileType = image.png; path = "AppIcon83.5x83.5@2x.png"; sourceTree = "<group>"; };
		F1BE57C120CDB09E0087F82D /* rm.gz */ = {isa = PBXFileReference; lastKnownFileType = archive.gzip; path = rm.gz; sourceTree = "<group>"; };
		F1BE57C220CDB09E0087F82D /* tar.gz */ = {isa = PBXFileReference; lastKnownFileType = archive.gzip; path = tar.gz; sourceTree = "<group>"; };
		F1BE57C320CDB09E0087F82D /* launchctl.gz */ = {isa = PBXFileReference; lastKnownFileType = archive.gzip; path = launchctl.gz; sourceTree = "<group>"; };
		F1BE57C420CDB09E0087F82D /* bootstrap.tar.gz */ = {isa = PBXFileReference; lastKnownFileType = archive.gzip; path = bootstrap.tar.gz; sourceTree = "<group>"; };
		F1E5C2C620C879A600438426 /* remap_tfp_set_hsp.h */ = {isa = PBXFileReference; fileEncoding = 4; lastKnownFileType = sourcecode.c.h; path = remap_tfp_set_hsp.h; sourceTree = "<group>"; };
		F1E5C2C720C879A600438426 /* remap_tfp_set_hsp.c */ = {isa = PBXFileReference; fileEncoding = 4; lastKnownFileType = sourcecode.c.c; path = remap_tfp_set_hsp.c; sourceTree = "<group>"; };
/* End PBXFileReference section */

/* Begin PBXFrameworksBuildPhase section */
		B060B7D720BC0624001FD0CE /* Frameworks */ = {
			isa = PBXFrameworksBuildPhase;
			buildActionMask = 2147483647;
			files = (
				2143C9DA20E7A50300AFB745 /* libMobileGestalt.tbd in Frameworks */,
				21A2C43B20DBC09E000BA2B2 /* liboffsetfinder64.a in Frameworks */,
				F143E10020C9ED670018A47B /* libcompression.tbd in Frameworks */,
				21A2C43D20DBC09E000BA2B2 /* libimg4tool.a in Frameworks */,
				21A2C43E20DBC09E000BA2B2 /* libplist++.a in Frameworks */,
				21A2C43C20DBC09E000BA2B2 /* libplist.a in Frameworks */,
				21A2C43F20DBC09E000BA2B2 /* libmerged.a in Frameworks */,
			);
			runOnlyForDeploymentPostprocessing = 0;
		};
/* End PBXFrameworksBuildPhase section */

/* Begin PBXGroup section */
		2119DFB320EFD74200E08817 /* NSData */ = {
			isa = PBXGroup;
			children = (
				F167E3C720C9281A006B956D /* NSData+GZip.h */,
				F167E3C820C9281A006B956D /* NSData+GZip.m */,
			);
			path = NSData;
			sourceTree = "<group>";
		};
		2119DFB420EFD74800E08817 /* NSString */ = {
			isa = PBXGroup;
			children = (
				2124A2F420EF52D300E30610 /* NSString+SHA256.h */,
				2124A2F520EF532200E30610 /* NSString+SHA256.m */,
			);
			path = NSString;
			sourceTree = "<group>";
		};
		2124A2F320EF52A700E30610 /* Extensions */ = {
			isa = PBXGroup;
			children = (
				2119DFB420EFD74800E08817 /* NSString */,
				2119DFB320EFD74200E08817 /* NSData */,
			);
			path = Extensions;
			sourceTree = "<group>";
		};
		2124A2F720EF5DC000E30610 /* common */ = {
			isa = PBXGroup;
			children = (
				B00730BE20C72BCB005995FA /* kmem.h */,
				210302E320E0D0090002D2F3 /* kmem.c */,
				B00730BD20C7273C005995FA /* offsets.h */,
				B00730BB20C723AE005995FA /* offsets.m */,
			);
			path = common;
			sourceTree = "<group>";
		};
		2124A2F820EF5DC800E30610 /* multi_path */ = {
			isa = PBXGroup;
			children = (
				B030E1F420BC0864000CDD4C /* multi_path_sploit.h */,
				B030E1F520BC0864000CDD4C /* multi_path_sploit.c */,
			);
			path = multi_path;
			sourceTree = "<group>";
		};
		2124A2F920EF5DCF00E30610 /* empty_list */ = {
			isa = PBXGroup;
			children = (
				210302E620E0DB2B0002D2F3 /* vfs_sploit.c */,
				210302E520E0DB2A0002D2F3 /* vfs_sploit.h */,
			);
			path = empty_list;
			sourceTree = "<group>";
		};
		21A2C43520DBC09E000BA2B2 /* libs */ = {
			isa = PBXGroup;
			children = (
				21A2C43620DBC09E000BA2B2 /* liboffsetfinder64.a */,
				21A2C43720DBC09E000BA2B2 /* libplist.a */,
				21A2C43820DBC09E000BA2B2 /* libimg4tool.a */,
				21A2C43920DBC09E000BA2B2 /* libplist++.a */,
				21A2C43A20DBC09E000BA2B2 /* libmerged.a */,
			);
			path = libs;
			sourceTree = "<group>";
		};
		B060B7D120BC0624001FD0CE = {
			isa = PBXGroup;
			children = (
				B060B7DC20BC0624001FD0CE /* electra1131 */,
				B060B7DB20BC0624001FD0CE /* Products */,
				F143E0FC20C9ED310018A47B /* Frameworks */,
			);
			sourceTree = "<group>";
		};
		B060B7DB20BC0624001FD0CE /* Products */ = {
			isa = PBXGroup;
			children = (
				B060B7DA20BC0624001FD0CE /* electra1131.app */,
			);
			name = Products;
			sourceTree = "<group>";
		};
		B060B7DC20BC0624001FD0CE /* electra1131 */ = {
			isa = PBXGroup;
			children = (
				F191228920F137C20025A1BD /* Resources */,
				2119DFB720F0102600E08817 /* electra1131.entitlements */,
				2124A2F320EF52A700E30610 /* Extensions */,
				21A2C43520DBC09E000BA2B2 /* libs */,
				F19119E220D9FDE000CA1BB5 /* app */,
				F13A09E820C8609400DC838E /* headers */,
				F13A09DC20C85E3D00DC838E /* exploit */,
				F1BE57C020CDB0780087F82D /* bootstrap */,
				F13A09DD20C85E7700DC838E /* post-exploit */,
				B060B7E620BC0624001FD0CE /* Assets.xcassets */,
				B060B7EB20BC0624001FD0CE /* Info.plist */,
				B060B7EC20BC0624001FD0CE /* main.m */,
				21AF0C9C20E39E62008254EC /* Localizable.strings */,
			);
			path = electra1131;
			sourceTree = "<group>";
		};
		F13A09DC20C85E3D00DC838E /* exploit */ = {
			isa = PBXGroup;
			children = (
				2124A2F920EF5DCF00E30610 /* empty_list */,
				2124A2F820EF5DC800E30610 /* multi_path */,
				2124A2F720EF5DC000E30610 /* common */,
			);
			path = exploit;
			sourceTree = "<group>";
		};
		F13A09DD20C85E7700DC838E /* post-exploit */ = {
			isa = PBXGroup;
			children = (
				F13A09E420C8602D00DC838E /* utilities */,
				F167E3C520C927DE006B956D /* electra_objc.h */,
				F167E3C420C927DE006B956D /* electra_objc.m */,
				F13A09E120C85EFA00DC838E /* electra.c */,
				F13A09E220C85EFA00DC838E /* electra.h */,
				F161FD0D20CDB12D009D4652 /* bootstrap.c */,
				F161FD0C20CDB12D009D4652 /* bootstrap.h */,
				F161FD0F20CDB22D009D4652 /* start_jailbreakd.m */,
				F143E0F820C9EBFF0018A47B /* rootfs_remount_offsetfinder.cpp */,
				F143E0F420C9DF250018A47B /* rootfs_remount.c */,
				F143E0F520C9DF250018A47B /* rootfs_remount.h */,
				F1E5C2C720C879A600438426 /* remap_tfp_set_hsp.c */,
				F1E5C2C620C879A600438426 /* remap_tfp_set_hsp.h */,
				F167E3CA20C929F2006B956D /* unlocknvram.c */,
				F167E3CB20C929F2006B956D /* unlocknvram.h */,
				F13A09DE20C85E9A00DC838E /* patchfinder64.c */,
				F13A09DF20C85E9A00DC838E /* patchfinder64.h */,
			);
			path = "post-exploit";
			sourceTree = "<group>";
		};
		F13A09E420C8602D00DC838E /* utilities */ = {
			isa = PBXGroup;
			children = (
				21A2C41120DAAA14000BA2B2 /* unliberios.c */,
				21A2C41020DAAA13000BA2B2 /* unliberios.h */,
				21E077F720D5424F00F86A55 /* nonce.c */,
				21E077F620D5424F00F86A55 /* nonce.h */,
				F134CC9520C89C7600DA1F72 /* amfi_utils.c */,
				F134CC9420C89C7600DA1F72 /* amfi_utils.h */,
				F13A09EC20C8653E00DC838E /* exploit_additions.c */,
				F13A09ED20C8653E00DC838E /* exploit_additions.h */,
				F12FD1F220C876A6006BA4FD /* kexecute.c */,
				F12FD1F320C876A6006BA4FD /* kexecute.h */,
				F13A09E620C8603500DC838E /* kutils.c */,
				F13A09E520C8603500DC838E /* kutils.h */,
				F13A09EF20C8665800DC838E /* offsetof.c */,
				F13A09F020C8665800DC838E /* offsetof.h */,
				F134CC9720C89CA600DA1F72 /* utils.c */,
				F134CC9820C89CA600DA1F72 /* utils.h */,
				F167E3C220C927C0006B956D /* file_utils.c */,
				F167E3C120C927C0006B956D /* file_utils.h */,
				F134CC9A20C89D7A00DA1F72 /* apfs_util.c */,
				F134CC9B20C89D7A00DA1F72 /* apfs_util.h */,
				21F33F6620E0052F0083D9C0 /* removePotentialJailbreak.h */,
				21F33F6720E0052F0083D9C0 /* removePotentialJailbreak.c */,
				21BC7A0420E631D000B8F028 /* detectConflictJailbreak.h */,
				21BC7A0520E631D000B8F028 /* detectConflictJailbreak.m */,
				21463F4820EBE7F6006F4E06 /* debug.h */,
			);
			path = utilities;
			sourceTree = "<group>";
		};
		F13A09E820C8609400DC838E /* headers */ = {
			isa = PBXGroup;
			children = (
				2124A2F120EEB13E00E30610 /* reboot.h */,
				2143C9DB20E7A51900AFB745 /* MobileGestalt.h */,
				F13A09E920C860A800DC838E /* codesign.h */,
				F13A09EB20C860A800DC838E /* IOKit.h */,
				F116EA2820C9CA5F000A24F6 /* liboffsetfinder64.hpp */,
			);
			path = headers;
			sourceTree = "<group>";
		};
		F143E0FC20C9ED310018A47B /* Frameworks */ = {
			isa = PBXGroup;
			children = (
				2143C9D920E7A50300AFB745 /* libMobileGestalt.tbd */,
				21AF0CAC20E3C6FA008254EC /* Social.framework */,
				F143E0FF20C9ED670018A47B /* libcompression.tbd */,
				F143E0FD20C9ED310018A47B /* libz.tbd */,
			);
			name = Frameworks;
			sourceTree = "<group>";
		};
		F19119E120D9FDD800CA1BB5 /* controllers */ = {
			isa = PBXGroup;
			children = (
				B060B7E020BC0624001FD0CE /* ViewController.h */,
				B060B7E120BC0624001FD0CE /* ViewController.m */,
			);
			path = controllers;
			sourceTree = "<group>";
		};
		F19119E220D9FDE000CA1BB5 /* app */ = {
			isa = PBXGroup;
			children = (
				B060B7DD20BC0624001FD0CE /* AppDelegate.h */,
				B060B7DE20BC0624001FD0CE /* AppDelegate.m */,
				B060B7E820BC0624001FD0CE /* LaunchScreen.storyboard */,
				B060B7E320BC0624001FD0CE /* Main.storyboard */,
				F19119E120D9FDD800CA1BB5 /* controllers */,
				F19119E320D9FE0200CA1BB5 /* view */,
			);
			path = app;
			sourceTree = "<group>";
		};
		F19119E320D9FE0200CA1BB5 /* view */ = {
			isa = PBXGroup;
			children = (
				F19119E520D9FE0F00CA1BB5 /* CSGradientView.h */,
				F19119E420D9FE0F00CA1BB5 /* CSGradientView.m */,
			);
			path = view;
			sourceTree = "<group>";
		};
		F191228920F137C20025A1BD /* Resources */ = {
			isa = PBXGroup;
			children = (
				F191228A20F137C20025A1BD /* AppIcon1024x1024.png */,
				F191228B20F137C20025A1BD /* AppIcon20x20.png */,
				F191228C20F137C20025A1BD /* AppIcon20x20@2x.png */,
				F191228D20F137C20025A1BD /* AppIcon20x20@3x.png */,
				F191228E20F137C20025A1BD /* AppIcon29x29.png */,
				F191228F20F137C20025A1BD /* AppIcon29x29@2x.png */,
				F191229020F137C20025A1BD /* AppIcon29x29@3x.png */,
				F191229120F137C20025A1BD /* AppIcon40x40.png */,
				F191229220F137C20025A1BD /* AppIcon40x40@2x.png */,
				F191229320F137C20025A1BD /* AppIcon40x40@3x.png */,
				F191229420F137C20025A1BD /* AppIcon50x50.png */,
				F191229520F137C20025A1BD /* AppIcon50x50@2x.png */,
				F191229620F137C20025A1BD /* AppIcon57x57.png */,
				F191229720F137C20025A1BD /* AppIcon57x57@2x.png */,
				F191229820F137C20025A1BD /* AppIcon60x60@2x.png */,
				F191229920F137C20025A1BD /* AppIcon60x60@3x.png */,
				F191229A20F137C20025A1BD /* AppIcon72x72.png */,
				F191229B20F137C20025A1BD /* AppIcon72x72@2x.png */,
				F191229C20F137C20025A1BD /* AppIcon76x76.png */,
				F191229D20F137C20025A1BD /* AppIcon76x76@2x.png */,
				F191229E20F137C20025A1BD /* AppIcon83.5x83.5@2x.png */,
			);
			path = Resources;
			sourceTree = "<group>";
		};
		F1BE57C020CDB0780087F82D /* bootstrap */ = {
			isa = PBXGroup;
			children = (
				F16A210D21D31C0000567AE1 /* dpkg_1.19.2-4_iphoneos-arm.deb */,
				F16A210721D31BF400567AE1 /* apt7_1.7.0_iphoneos-arm.deb */,
				F16A210821D31BF500567AE1 /* apt7-key_1.7.0_iphoneos-arm.deb */,
				F16A210921D31BF500567AE1 /* apt7-lib_1.7.0-sileo_iphoneos-arm.deb */,
				F16A210F21D31C0700567AE1 /* cydia_1.9.1_iphoneos-arm.deb */,
				F16A211121D31C0E00567AE1 /* cydia-gui_1.1.30-4_iphoneos-arm.deb */,
				F1524FCE20CE60A7001F9E25 /* jailbreakd.plist */,
				F1BE57C420CDB09E0087F82D /* bootstrap.tar.gz */,
				F1BE57C320CDB09E0087F82D /* launchctl.gz */,
				F1BE57C120CDB09E0087F82D /* rm.gz */,
				F1BE57C220CDB09E0087F82D /* tar.gz */,
			);
			path = bootstrap;
			sourceTree = "<group>";
		};
/* End PBXGroup section */

/* Begin PBXNativeTarget section */
		B060B7D920BC0624001FD0CE /* electra1131 */ = {
			isa = PBXNativeTarget;
			buildConfigurationList = B060B7F020BC0624001FD0CE /* Build configuration list for PBXNativeTarget "electra1131" */;
			buildPhases = (
				B060B7D620BC0624001FD0CE /* Sources */,
				B060B7D720BC0624001FD0CE /* Frameworks */,
				F1BE57BE20CDB02D0087F82D /* Run Script */,
				F1BE57BF20CDB0520087F82D /* ShellScript */,
				B060B7D820BC0624001FD0CE /* Resources */,
			);
			buildRules = (
			);
			dependencies = (
			);
			name = electra1131;
			productName = multi_path;
			productReference = B060B7DA20BC0624001FD0CE /* electra1131.app */;
			productType = "com.apple.product-type.application";
		};
/* End PBXNativeTarget section */

/* Begin PBXProject section */
		B060B7D220BC0624001FD0CE /* Project object */ = {
			isa = PBXProject;
			attributes = {
				LastUpgradeCheck = 0940;
				ORGANIZATIONNAME = "Electra Team";
				TargetAttributes = {
					B060B7D920BC0624001FD0CE = {
						CreatedOnToolsVersion = 9.2;
						ProvisioningStyle = Manual;
						SystemCapabilities = {
							com.apple.Multipath = {
								enabled = 1;
							};
						};
					};
				};
			};
			buildConfigurationList = B060B7D520BC0624001FD0CE /* Build configuration list for PBXProject "electra1131" */;
			compatibilityVersion = "Xcode 8.0";
			developmentRegion = en;
			hasScannedForEncodings = 0;
			knownRegions = (
				en,
				Base,
			);
			mainGroup = B060B7D120BC0624001FD0CE;
			productRefGroup = B060B7DB20BC0624001FD0CE /* Products */;
			projectDirPath = "";
			projectRoot = "";
			targets = (
				B060B7D920BC0624001FD0CE /* electra1131 */,
			);
		};
/* End PBXProject section */

/* Begin PBXResourcesBuildPhase section */
		B060B7D820BC0624001FD0CE /* Resources */ = {
			isa = PBXResourcesBuildPhase;
			buildActionMask = 2147483647;
			files = (
				F16A211321D3397A00567AE1 /* dpkg_1.19.2-4_iphoneos-arm.deb in Resources */,
				F16A211421D3397A00567AE1 /* apt7_1.7.0_iphoneos-arm.deb in Resources */,
				F16A211521D3397A00567AE1 /* apt7-key_1.7.0_iphoneos-arm.deb in Resources */,
				F16A211621D3397A00567AE1 /* apt7-lib_1.7.0-sileo_iphoneos-arm.deb in Resources */,
				F16A211721D3397A00567AE1 /* cydia_1.9.1_iphoneos-arm.deb in Resources */,
				F16A211821D3397A00567AE1 /* cydia-gui_1.1.30-4_iphoneos-arm.deb in Resources */,
				F19122A720F137C20025A1BD /* AppIcon40x40@2x.png in Resources */,
				F19122B220F137C20025A1BD /* AppIcon76x76@2x.png in Resources */,
				21AF0C9A20E39E62008254EC /* Localizable.strings in Resources */,
				F19122AC20F137C20025A1BD /* AppIcon57x57@2x.png in Resources */,
				F19122A420F137C20025A1BD /* AppIcon29x29@2x.png in Resources */,
				B060B7EA20BC0624001FD0CE /* LaunchScreen.storyboard in Resources */,
				F1BE57C820CDB09E0087F82D /* bootstrap.tar.gz in Resources */,
				F19122A620F137C20025A1BD /* AppIcon40x40.png in Resources */,
				F1BE57C620CDB09E0087F82D /* tar.gz in Resources */,
				F19122AE20F137C20025A1BD /* AppIcon60x60@3x.png in Resources */,
				F19122A820F137C20025A1BD /* AppIcon40x40@3x.png in Resources */,
				F19122A020F137C20025A1BD /* AppIcon20x20.png in Resources */,
				B060B7E720BC0624001FD0CE /* Assets.xcassets in Resources */,
				F191229F20F137C20025A1BD /* AppIcon1024x1024.png in Resources */,
				F19122B320F137C20025A1BD /* AppIcon83.5x83.5@2x.png in Resources */,
				F1BE57C720CDB09E0087F82D /* launchctl.gz in Resources */,
				F19122A520F137C20025A1BD /* AppIcon29x29@3x.png in Resources */,
				F19122A220F137C20025A1BD /* AppIcon20x20@3x.png in Resources */,
				F1524FCF20CE60A7001F9E25 /* jailbreakd.plist in Resources */,
				F19122A920F137C20025A1BD /* AppIcon50x50.png in Resources */,
				B060B7E520BC0624001FD0CE /* Main.storyboard in Resources */,
				F19122AB20F137C20025A1BD /* AppIcon57x57.png in Resources */,
				F19122A320F137C20025A1BD /* AppIcon29x29.png in Resources */,
				F19122A120F137C20025A1BD /* AppIcon20x20@2x.png in Resources */,
				F1BE57C520CDB09E0087F82D /* rm.gz in Resources */,
				F19122B120F137C20025A1BD /* AppIcon76x76.png in Resources */,
				F19122B020F137C20025A1BD /* AppIcon72x72@2x.png in Resources */,
				F19122AD20F137C20025A1BD /* AppIcon60x60@2x.png in Resources */,
				F19122AA20F137C20025A1BD /* AppIcon50x50@2x.png in Resources */,
				F19122AF20F137C20025A1BD /* AppIcon72x72.png in Resources */,
			);
			runOnlyForDeploymentPostprocessing = 0;
		};
/* End PBXResourcesBuildPhase section */

/* Begin PBXShellScriptBuildPhase section */
		F1BE57BE20CDB02D0087F82D /* Run Script */ = {
			isa = PBXShellScriptBuildPhase;
			buildActionMask = 2147483647;
			files = (
			);
			inputPaths = (
			);
			name = "Run Script";
			outputPaths = (
			);
			runOnlyForDeploymentPostprocessing = 0;
			shellPath = /bin/sh;
			shellScript = "export PATH=\"$PATH:$HOME/bin\"\n\nMACOSX_SDK=$(xcrun --show-sdk-path --sdk macosx)\n# suppress warning\nrm -f $SRCROOT/basebinaries/apple_include/xpc $SRCROOT/basebinaries/apple_include/launch.h\nln -s $MACOSX_SDK/usr/include/xpc $SRCROOT/basebinaries/apple_include/xpc\nln -s $MACOSX_SDK/usr/include/launch.h $SRCROOT/basebinaries/apple_include/launch.h\n\nmake -C $SRCROOT/basebinaries clean all DEBUG=0 \"OUTDIR=$DERIVED_FILE_DIR\"\ncp \"$DERIVED_FILE_DIR/basebinaries.tar\" \"$BUILT_PRODUCTS_DIR/$CONTENTS_FOLDER_PATH/basebinaries.tar\"\n";
		};
		F1BE57BF20CDB0520087F82D /* ShellScript */ = {
			isa = PBXShellScriptBuildPhase;
			buildActionMask = 2147483647;
			files = (
			);
			inputPaths = (
			);
			outputPaths = (
			);
			runOnlyForDeploymentPostprocessing = 0;
			shellPath = /bin/sh;
			shellScript = "git log -50 --pretty=format:\"%H\" --no-patch > \"$BUILT_PRODUCTS_DIR/$CONTENTS_FOLDER_PATH/githistory.txt\"";
		};
/* End PBXShellScriptBuildPhase section */

/* Begin PBXSourcesBuildPhase section */
		B060B7D620BC0624001FD0CE /* Sources */ = {
			isa = PBXSourcesBuildPhase;
			buildActionMask = 2147483647;
			files = (
				F134CC9C20C89D7A00DA1F72 /* apfs_util.c in Sources */,
				B030E1F620BC0864000CDD4C /* multi_path_sploit.c in Sources */,
				F134CC9920C89CA700DA1F72 /* utils.c in Sources */,
				21E077F820D5425000F86A55 /* nonce.c in Sources */,
				B060B7E220BC0624001FD0CE /* ViewController.m in Sources */,
				F161FD1020CDB22D009D4652 /* start_jailbreakd.m in Sources */,
				B060B7ED20BC0624001FD0CE /* main.m in Sources */,
				B00730BC20C723AE005995FA /* offsets.m in Sources */,
				F13A09E020C85E9A00DC838E /* patchfinder64.c in Sources */,
				F143E0F620C9DF250018A47B /* rootfs_remount.c in Sources */,
				F19119E620D9FE0F00CA1BB5 /* CSGradientView.m in Sources */,
				21F33F6820E0052F0083D9C0 /* removePotentialJailbreak.c in Sources */,
				21A2C41220DAAA14000BA2B2 /* unliberios.c in Sources */,
				F13A09E720C8603500DC838E /* kutils.c in Sources */,
				F12FD1F420C876A6006BA4FD /* kexecute.c in Sources */,
				F13A09E320C85EFA00DC838E /* electra.c in Sources */,
				210302E720E0DB2B0002D2F3 /* vfs_sploit.c in Sources */,
				F13A09EE20C8653E00DC838E /* exploit_additions.c in Sources */,
				2124A2F620EF532200E30610 /* NSString+SHA256.m in Sources */,
				B060B7DF20BC0624001FD0CE /* AppDelegate.m in Sources */,
				F134CC9620C89C7600DA1F72 /* amfi_utils.c in Sources */,
				F161FD0E20CDB12D009D4652 /* bootstrap.c in Sources */,
				F143E0F920C9EBFF0018A47B /* rootfs_remount_offsetfinder.cpp in Sources */,
				21BC7A0620E631D000B8F028 /* detectConflictJailbreak.m in Sources */,
				210302E420E0D0090002D2F3 /* kmem.c in Sources */,
				F167E3C320C927C1006B956D /* file_utils.c in Sources */,
				F167E3C620C927DE006B956D /* electra_objc.m in Sources */,
				F13A09F120C8665800DC838E /* offsetof.c in Sources */,
				F167E3CC20C929F3006B956D /* unlocknvram.c in Sources */,
				F167E3C920C9281A006B956D /* NSData+GZip.m in Sources */,
				F1E5C2C820C879A600438426 /* remap_tfp_set_hsp.c in Sources */,
			);
			runOnlyForDeploymentPostprocessing = 0;
		};
/* End PBXSourcesBuildPhase section */

/* Begin PBXVariantGroup section */
		21AF0C9C20E39E62008254EC /* Localizable.strings */ = {
			isa = PBXVariantGroup;
			children = (
				21AF0C9B20E39E62008254EC /* en */,
			);
			name = Localizable.strings;
			sourceTree = "<group>";
		};
		B060B7E320BC0624001FD0CE /* Main.storyboard */ = {
			isa = PBXVariantGroup;
			children = (
				B060B7E420BC0624001FD0CE /* Base */,
			);
			name = Main.storyboard;
			sourceTree = "<group>";
		};
		B060B7E820BC0624001FD0CE /* LaunchScreen.storyboard */ = {
			isa = PBXVariantGroup;
			children = (
				B060B7E920BC0624001FD0CE /* Base */,
			);
			name = LaunchScreen.storyboard;
			sourceTree = "<group>";
		};
/* End PBXVariantGroup section */

/* Begin XCBuildConfiguration section */
		B060B7EE20BC0624001FD0CE /* Debug */ = {
			isa = XCBuildConfiguration;
			buildSettings = {
				ALWAYS_SEARCH_USER_PATHS = NO;
				CLANG_ANALYZER_LOCALIZABILITY_NONLOCALIZED = YES;
				CLANG_ANALYZER_NONNULL = YES;
				CLANG_ANALYZER_NUMBER_OBJECT_CONVERSION = YES_AGGRESSIVE;
				CLANG_CXX_LANGUAGE_STANDARD = "gnu++14";
				CLANG_CXX_LIBRARY = "libc++";
				CLANG_ENABLE_MODULES = YES;
				CLANG_ENABLE_OBJC_ARC = YES;
				CLANG_WARN_BLOCK_CAPTURE_AUTORELEASING = YES;
				CLANG_WARN_BOOL_CONVERSION = YES;
				CLANG_WARN_COMMA = YES;
				CLANG_WARN_CONSTANT_CONVERSION = YES;
				CLANG_WARN_DIRECT_OBJC_ISA_USAGE = YES_ERROR;
				CLANG_WARN_DOCUMENTATION_COMMENTS = YES;
				CLANG_WARN_EMPTY_BODY = YES;
				CLANG_WARN_ENUM_CONVERSION = YES;
				CLANG_WARN_INFINITE_RECURSION = YES;
				CLANG_WARN_INT_CONVERSION = YES;
				CLANG_WARN_NON_LITERAL_NULL_CONVERSION = YES;
				CLANG_WARN_OBJC_LITERAL_CONVERSION = YES;
				CLANG_WARN_OBJC_ROOT_CLASS = YES_ERROR;
				CLANG_WARN_RANGE_LOOP_ANALYSIS = YES;
				CLANG_WARN_STRICT_PROTOTYPES = YES;
				CLANG_WARN_SUSPICIOUS_MOVE = YES;
				CLANG_WARN_UNGUARDED_AVAILABILITY = YES_AGGRESSIVE;
				CLANG_WARN_UNREACHABLE_CODE = YES;
				CLANG_WARN__DUPLICATE_METHOD_MATCH = YES;
				CODE_SIGN_IDENTITY = "iPhone Developer";
				COPY_PHASE_STRIP = NO;
				DEBUG_INFORMATION_FORMAT = dwarf;
				ENABLE_STRICT_OBJC_MSGSEND = YES;
				ENABLE_TESTABILITY = YES;
				GCC_C_LANGUAGE_STANDARD = gnu11;
				GCC_DYNAMIC_NO_PIC = NO;
				GCC_NO_COMMON_BLOCKS = YES;
				GCC_OPTIMIZATION_LEVEL = 0;
				GCC_PREPROCESSOR_DEFINITIONS = (
					"DEBUG=1",
					"$(inherited)",
				);
				GCC_WARN_64_TO_32_BIT_CONVERSION = YES;
				GCC_WARN_ABOUT_RETURN_TYPE = YES_ERROR;
				GCC_WARN_UNDECLARED_SELECTOR = YES;
				GCC_WARN_UNINITIALIZED_AUTOS = YES_AGGRESSIVE;
				GCC_WARN_UNUSED_FUNCTION = YES;
				GCC_WARN_UNUSED_VARIABLE = YES;
				IPHONEOS_DEPLOYMENT_TARGET = 11.2;
				MTL_ENABLE_DEBUG_INFO = YES;
				ONLY_ACTIVE_ARCH = YES;
				SDKROOT = iphoneos;
			};
			name = Debug;
		};
		B060B7EF20BC0624001FD0CE /* Release */ = {
			isa = XCBuildConfiguration;
			buildSettings = {
				ALWAYS_SEARCH_USER_PATHS = NO;
				CLANG_ANALYZER_LOCALIZABILITY_NONLOCALIZED = YES;
				CLANG_ANALYZER_NONNULL = YES;
				CLANG_ANALYZER_NUMBER_OBJECT_CONVERSION = YES_AGGRESSIVE;
				CLANG_CXX_LANGUAGE_STANDARD = "gnu++14";
				CLANG_CXX_LIBRARY = "libc++";
				CLANG_ENABLE_MODULES = YES;
				CLANG_ENABLE_OBJC_ARC = YES;
				CLANG_WARN_BLOCK_CAPTURE_AUTORELEASING = YES;
				CLANG_WARN_BOOL_CONVERSION = YES;
				CLANG_WARN_COMMA = YES;
				CLANG_WARN_CONSTANT_CONVERSION = YES;
				CLANG_WARN_DIRECT_OBJC_ISA_USAGE = YES_ERROR;
				CLANG_WARN_DOCUMENTATION_COMMENTS = YES;
				CLANG_WARN_EMPTY_BODY = YES;
				CLANG_WARN_ENUM_CONVERSION = YES;
				CLANG_WARN_INFINITE_RECURSION = YES;
				CLANG_WARN_INT_CONVERSION = YES;
				CLANG_WARN_NON_LITERAL_NULL_CONVERSION = YES;
				CLANG_WARN_OBJC_LITERAL_CONVERSION = YES;
				CLANG_WARN_OBJC_ROOT_CLASS = YES_ERROR;
				CLANG_WARN_RANGE_LOOP_ANALYSIS = YES;
				CLANG_WARN_STRICT_PROTOTYPES = YES;
				CLANG_WARN_SUSPICIOUS_MOVE = YES;
				CLANG_WARN_UNGUARDED_AVAILABILITY = YES_AGGRESSIVE;
				CLANG_WARN_UNREACHABLE_CODE = YES;
				CLANG_WARN__DUPLICATE_METHOD_MATCH = YES;
				CODE_SIGN_IDENTITY = "iPhone Developer";
				COPY_PHASE_STRIP = NO;
				DEBUG_INFORMATION_FORMAT = "dwarf-with-dsym";
				ENABLE_NS_ASSERTIONS = NO;
				ENABLE_STRICT_OBJC_MSGSEND = YES;
				GCC_C_LANGUAGE_STANDARD = gnu11;
				GCC_NO_COMMON_BLOCKS = YES;
				GCC_WARN_64_TO_32_BIT_CONVERSION = YES;
				GCC_WARN_ABOUT_RETURN_TYPE = YES_ERROR;
				GCC_WARN_UNDECLARED_SELECTOR = YES;
				GCC_WARN_UNINITIALIZED_AUTOS = YES_AGGRESSIVE;
				GCC_WARN_UNUSED_FUNCTION = YES;
				GCC_WARN_UNUSED_VARIABLE = YES;
				IPHONEOS_DEPLOYMENT_TARGET = 11.2;
				MTL_ENABLE_DEBUG_INFO = NO;
				SDKROOT = iphoneos;
				VALIDATE_PRODUCT = YES;
			};
			name = Release;
		};
		B060B7F120BC0624001FD0CE /* Debug */ = {
			isa = XCBuildConfiguration;
			buildSettings = {
				CLANG_WARN_DEPRECATED_OBJC_IMPLEMENTATIONS = NO;
				CODE_SIGN_ENTITLEMENTS = electra1131/electra1131.entitlements;
				CODE_SIGN_IDENTITY = "iPhone Developer";
				CODE_SIGN_STYLE = Manual;
				DEVELOPMENT_TEAM = "";
				ENABLE_BITCODE = NO;
				GCC_WARN_ABOUT_DEPRECATED_FUNCTIONS = YES;
				INFOPLIST_FILE = "$(SRCROOT)/electra1131/Info.plist";
				IPHONEOS_DEPLOYMENT_TARGET = 11.2;
				LD_RUNPATH_SEARCH_PATHS = "$(inherited) @executable_path/Frameworks";
				LIBRARY_SEARCH_PATHS = (
					"$(inherited)",
					"$(PROJECT_DIR)/electra1131",
					"$(PROJECT_DIR)/electra1131/libs",
					"$(PROJECT_DIR)/electra1131/bootstrap",
				);
				ONLY_ACTIVE_ARCH = YES;
				OTHER_LDFLAGS = (
					"-framework",
					IOKit,
				);
				PRODUCT_BUNDLE_IDENTIFIER = "com.laughingquoll.multi-path";
				PRODUCT_NAME = "$(TARGET_NAME)";
				PROVISIONING_PROFILE_SPECIFIER = "";
				TARGETED_DEVICE_FAMILY = "1,2";
			};
			name = Debug;
		};
		B060B7F220BC0624001FD0CE /* Release */ = {
			isa = XCBuildConfiguration;
			buildSettings = {
				CLANG_WARN_DEPRECATED_OBJC_IMPLEMENTATIONS = NO;
				CODE_SIGN_ENTITLEMENTS = electra1131/electra1131.entitlements;
				CODE_SIGN_IDENTITY = "iPhone Developer";
				CODE_SIGN_STYLE = Manual;
				DEVELOPMENT_TEAM = "";
				ENABLE_BITCODE = NO;
				GCC_WARN_ABOUT_DEPRECATED_FUNCTIONS = YES;
				INFOPLIST_FILE = "$(SRCROOT)/electra1131/Info.plist";
				IPHONEOS_DEPLOYMENT_TARGET = 11.2;
				LD_RUNPATH_SEARCH_PATHS = "$(inherited) @executable_path/Frameworks";
				LIBRARY_SEARCH_PATHS = (
					"$(inherited)",
					"$(PROJECT_DIR)/electra1131",
					"$(PROJECT_DIR)/electra1131/libs",
					"$(PROJECT_DIR)/electra1131/bootstrap",
				);
				ONLY_ACTIVE_ARCH = NO;
				OTHER_CFLAGS = "-DELECTRADEBUG";
				OTHER_LDFLAGS = (
					"-framework",
					IOKit,
				);
				PRODUCT_BUNDLE_IDENTIFIER = "com.laughingquoll.multi-path";
				PRODUCT_NAME = "$(TARGET_NAME)";
				PROVISIONING_PROFILE_SPECIFIER = "";
				TARGETED_DEVICE_FAMILY = "1,2";
			};
			name = Release;
		};
/* End XCBuildConfiguration section */

/* Begin XCConfigurationList section */
		B060B7D520BC0624001FD0CE /* Build configuration list for PBXProject "electra1131" */ = {
			isa = XCConfigurationList;
			buildConfigurations = (
				B060B7EE20BC0624001FD0CE /* Debug */,
				B060B7EF20BC0624001FD0CE /* Release */,
			);
			defaultConfigurationIsVisible = 0;
			defaultConfigurationName = Release;
		};
		B060B7F020BC0624001FD0CE /* Build configuration list for PBXNativeTarget "electra1131" */ = {
			isa = XCConfigurationList;
			buildConfigurations = (
				B060B7F120BC0624001FD0CE /* Debug */,
				B060B7F220BC0624001FD0CE /* Release */,
			);
			defaultConfigurationIsVisible = 0;
			defaultConfigurationName = Release;
		};
/* End XCConfigurationList section */
	};
	rootObject = B060B7D220BC0624001FD0CE /* Project object */;
}
